// !$*UTF8*$!
{
	archiveVersion = 1;
	classes = {
	};
	objectVersion = 46;
	objects = {

/* Begin PBXBuildFile section */
		4130F0A31AA4DB510080DA22 /* AppDelegate.swift in Sources */ = {isa = PBXBuildFile; fileRef = 4130F0A21AA4DB510080DA22 /* AppDelegate.swift */; };
		4130F0AA1AA4DB510080DA22 /* Images.xcassets in Resources */ = {isa = PBXBuildFile; fileRef = 4130F0A91AA4DB510080DA22 /* Images.xcassets */; };
		4130F0AD1AA4DB510080DA22 /* LaunchScreen.xib in Resources */ = {isa = PBXBuildFile; fileRef = 4130F0AB1AA4DB510080DA22 /* LaunchScreen.xib */; };
		4130F0B91AA4DB510080DA22 /* El5PinoTests.swift in Sources */ = {isa = PBXBuildFile; fileRef = 4130F0B81AA4DB510080DA22 /* El5PinoTests.swift */; };
		4130F0C31AA4DFC40080DA22 /* Main.storyboard in Resources */ = {isa = PBXBuildFile; fileRef = 4130F0C21AA4DFC40080DA22 /* Main.storyboard */; };
		415C396E1AA61796005DBFD1 /* camera.png in Resources */ = {isa = PBXBuildFile; fileRef = 415C396D1AA61796005DBFD1 /* camera.png */; };
		415C39701AA6416F005DBFD1 /* CBonsai.swift in Sources */ = {isa = PBXBuildFile; fileRef = 415C396F1AA6416F005DBFD1 /* CBonsai.swift */; };
		41A567221ABB1E320068D173 /* VCViewPhoto.swift in Sources */ = {isa = PBXBuildFile; fileRef = 41A567211ABB1E320068D173 /* VCViewPhoto.swift */; };
		41A567241ABB1FE60068D173 /* VCAlbum.swift in Sources */ = {isa = PBXBuildFile; fileRef = 41A567231ABB1FE60068D173 /* VCAlbum.swift */; };
		41F5FF181AB1F8C0007EAFAF /* VCLogs.swift in Sources */ = {isa = PBXBuildFile; fileRef = 41F5FF171AB1F8C0007EAFAF /* VCLogs.swift */; };
		41F5FF1A1AB20FBC007EAFAF /* VCMyCustomCell.swift in Sources */ = {isa = PBXBuildFile; fileRef = 41F5FF191AB20FBC007EAFAF /* VCMyCustomCell.swift */; };
		41F729EA1AA7799E00855D8B /* CConstants.swift in Sources */ = {isa = PBXBuildFile; fileRef = 41F729E91AA7799E00855D8B /* CConstants.swift */; };
		41F729ED1AA7A80B00855D8B /* bonsai.png in Resources */ = {isa = PBXBuildFile; fileRef = 41F729EC1AA7A80B00855D8B /* bonsai.png */; };
		41F729F41AA7B6E900855D8B /* VCaddBonsai.swift in Sources */ = {isa = PBXBuildFile; fileRef = 41F729F11AA7B6E900855D8B /* VCaddBonsai.swift */; };
		41F729F51AA7B6E900855D8B /* VCWebService.swift in Sources */ = {isa = PBXBuildFile; fileRef = 41F729F21AA7B6E900855D8B /* VCWebService.swift */; };
		41F729F61AA7B6E900855D8B /* ViewController.swift in Sources */ = {isa = PBXBuildFile; fileRef = 41F729F31AA7B6E900855D8B /* ViewController.swift */; };
/* End PBXBuildFile section */

/* Begin PBXContainerItemProxy section */
		4130F0B31AA4DB510080DA22 /* PBXContainerItemProxy */ = {
			isa = PBXContainerItemProxy;
			containerPortal = 4130F0951AA4DB510080DA22 /* Project object */;
			proxyType = 1;
			remoteGlobalIDString = 4130F09C1AA4DB510080DA22;
			remoteInfo = El5Pino;
		};
/* End PBXContainerItemProxy section */

/* Begin PBXFileReference section */
		4130F09D1AA4DB510080DA22 /* El5Pino.app */ = {isa = PBXFileReference; explicitFileType = wrapper.application; includeInIndex = 0; path = El5Pino.app; sourceTree = BUILT_PRODUCTS_DIR; };
		4130F0A11AA4DB510080DA22 /* Info.plist */ = {isa = PBXFileReference; lastKnownFileType = text.plist.xml; path = Info.plist; sourceTree = "<group>"; };
		4130F0A21AA4DB510080DA22 /* AppDelegate.swift */ = {isa = PBXFileReference; lastKnownFileType = sourcecode.swift; path = AppDelegate.swift; sourceTree = "<group>"; };
		4130F0A91AA4DB510080DA22 /* Images.xcassets */ = {isa = PBXFileReference; lastKnownFileType = folder.assetcatalog; path = Images.xcassets; sourceTree = "<group>"; };
		4130F0AC1AA4DB510080DA22 /* Base */ = {isa = PBXFileReference; lastKnownFileType = file.xib; name = Base; path = Base.lproj/LaunchScreen.xib; sourceTree = "<group>"; };
		4130F0B21AA4DB510080DA22 /* El5PinoTests.xctest */ = {isa = PBXFileReference; explicitFileType = wrapper.cfbundle; includeInIndex = 0; path = El5PinoTests.xctest; sourceTree = BUILT_PRODUCTS_DIR; };
		4130F0B71AA4DB510080DA22 /* Info.plist */ = {isa = PBXFileReference; lastKnownFileType = text.plist.xml; path = Info.plist; sourceTree = "<group>"; };
		4130F0B81AA4DB510080DA22 /* El5PinoTests.swift */ = {isa = PBXFileReference; lastKnownFileType = sourcecode.swift; path = El5PinoTests.swift; sourceTree = "<group>"; };
		4130F0C21AA4DFC40080DA22 /* Main.storyboard */ = {isa = PBXFileReference; fileEncoding = 4; lastKnownFileType = file.storyboard; path = Main.storyboard; sourceTree = "<group>"; };
		415C396D1AA61796005DBFD1 /* camera.png */ = {isa = PBXFileReference; lastKnownFileType = image.png; path = camera.png; sourceTree = "<group>"; };
		415C396F1AA6416F005DBFD1 /* CBonsai.swift */ = {isa = PBXFileReference; fileEncoding = 4; lastKnownFileType = sourcecode.swift; path = CBonsai.swift; sourceTree = "<group>"; };
		41A567211ABB1E320068D173 /* VCViewPhoto.swift */ = {isa = PBXFileReference; fileEncoding = 4; lastKnownFileType = sourcecode.swift; path = VCViewPhoto.swift; sourceTree = "<group>"; };
		41A567231ABB1FE60068D173 /* VCAlbum.swift */ = {isa = PBXFileReference; fileEncoding = 4; lastKnownFileType = sourcecode.swift; path = VCAlbum.swift; sourceTree = "<group>"; };
		41F5FF171AB1F8C0007EAFAF /* VCLogs.swift */ = {isa = PBXFileReference; fileEncoding = 4; lastKnownFileType = sourcecode.swift; path = VCLogs.swift; sourceTree = "<group>"; };
		41F5FF191AB20FBC007EAFAF /* VCMyCustomCell.swift */ = {isa = PBXFileReference; fileEncoding = 4; lastKnownFileType = sourcecode.swift; path = VCMyCustomCell.swift; sourceTree = "<group>"; };
		41F729E91AA7799E00855D8B /* CConstants.swift */ = {isa = PBXFileReference; fileEncoding = 4; lastKnownFileType = sourcecode.swift; name = CConstants.swift; path = images/CConstants.swift; sourceTree = "<group>"; };
		41F729EB1AA78E2900855D8B /* BlackByte.playground */ = {isa = PBXFileReference; lastKnownFileType = file.playground; path = BlackByte.playground; sourceTree = "<group>"; };
		41F729EC1AA7A80B00855D8B /* bonsai.png */ = {isa = PBXFileReference; lastKnownFileType = image.png; path = bonsai.png; sourceTree = "<group>"; };
		41F729F11AA7B6E900855D8B /* VCaddBonsai.swift */ = {isa = PBXFileReference; fileEncoding = 4; lastKnownFileType = sourcecode.swift; path = VCaddBonsai.swift; sourceTree = "<group>"; };
		41F729F21AA7B6E900855D8B /* VCWebService.swift */ = {isa = PBXFileReference; fileEncoding = 4; lastKnownFileType = sourcecode.swift; path = VCWebService.swift; sourceTree = "<group>"; };
		41F729F31AA7B6E900855D8B /* ViewController.swift */ = {isa = PBXFileReference; fileEncoding = 4; lastKnownFileType = sourcecode.swift; path = ViewController.swift; sourceTree = "<group>"; };
/* End PBXFileReference section */

/* Begin PBXFrameworksBuildPhase section */
		4130F09A1AA4DB510080DA22 /* Frameworks */ = {
			isa = PBXFrameworksBuildPhase;
			buildActionMask = 2147483647;
			files = (
			);
			runOnlyForDeploymentPostprocessing = 0;
		};
		4130F0AF1AA4DB510080DA22 /* Frameworks */ = {
			isa = PBXFrameworksBuildPhase;
			buildActionMask = 2147483647;
			files = (
			);
			runOnlyForDeploymentPostprocessing = 0;
		};
/* End PBXFrameworksBuildPhase section */

/* Begin PBXGroup section */
		4130F0941AA4DB510080DA22 = {
			isa = PBXGroup;
			children = (
				4130F09F1AA4DB510080DA22 /* El5Pino */,
				4130F0B51AA4DB510080DA22 /* El5PinoTests */,
				4130F09E1AA4DB510080DA22 /* Products */,
			);
			sourceTree = "<group>";
		};
		4130F09E1AA4DB510080DA22 /* Products */ = {
			isa = PBXGroup;
			children = (
				4130F09D1AA4DB510080DA22 /* El5Pino.app */,
				4130F0B21AA4DB510080DA22 /* El5PinoTests.xctest */,
			);
			name = Products;
			sourceTree = "<group>";
		};
		4130F09F1AA4DB510080DA22 /* El5Pino */ = {
			isa = PBXGroup;
			children = (
				41F729F01AA7B6E900855D8B /* Controllers */,
				415C396C1AA6175E005DBFD1 /* images */,
				4130F0A21AA4DB510080DA22 /* AppDelegate.swift */,
				4130F0C21AA4DFC40080DA22 /* Main.storyboard */,
				415C396F1AA6416F005DBFD1 /* CBonsai.swift */,
				41F729E91AA7799E00855D8B /* CConstants.swift */,
				4130F0A91AA4DB510080DA22 /* Images.xcassets */,
				4130F0AB1AA4DB510080DA22 /* LaunchScreen.xib */,
				4130F0A01AA4DB510080DA22 /* Supporting Files */,
				41F729EB1AA78E2900855D8B /* BlackByte.playground */,
			);
			path = El5Pino;
			sourceTree = "<group>";
		};
		4130F0A01AA4DB510080DA22 /* Supporting Files */ = {
			isa = PBXGroup;
			children = (
				4130F0A11AA4DB510080DA22 /* Info.plist */,
			);
			name = "Supporting Files";
			sourceTree = "<group>";
		};
		4130F0B51AA4DB510080DA22 /* El5PinoTests */ = {
			isa = PBXGroup;
			children = (
				4130F0B81AA4DB510080DA22 /* El5PinoTests.swift */,
				4130F0B61AA4DB510080DA22 /* Supporting Files */,
			);
			path = El5PinoTests;
			sourceTree = "<group>";
		};
		4130F0B61AA4DB510080DA22 /* Supporting Files */ = {
			isa = PBXGroup;
			children = (
				4130F0B71AA4DB510080DA22 /* Info.plist */,
			);
			name = "Supporting Files";
			sourceTree = "<group>";
		};
		415C396C1AA6175E005DBFD1 /* images */ = {
			isa = PBXGroup;
			children = (
				41F729EC1AA7A80B00855D8B /* bonsai.png */,
				415C396D1AA61796005DBFD1 /* camera.png */,
			);
			path = images;
			sourceTree = "<group>";
		};
		41F729F01AA7B6E900855D8B /* Controllers */ = {
			isa = PBXGroup;
			children = (
				41F729F11AA7B6E900855D8B /* VCaddBonsai.swift */,
				41F729F21AA7B6E900855D8B /* VCWebService.swift */,
				41F729F31AA7B6E900855D8B /* ViewController.swift */,
				41F5FF171AB1F8C0007EAFAF /* VCLogs.swift */,
				41F5FF191AB20FBC007EAFAF /* VCMyCustomCell.swift */,
				41A567211ABB1E320068D173 /* VCViewPhoto.swift */,
				41A567231ABB1FE60068D173 /* VCAlbum.swift */,
			);
			path = Controllers;
			sourceTree = "<group>";
		};
/* End PBXGroup section */

/* Begin PBXNativeTarget section */
		4130F09C1AA4DB510080DA22 /* El5Pino */ = {
			isa = PBXNativeTarget;
			buildConfigurationList = 4130F0BC1AA4DB510080DA22 /* Build configuration list for PBXNativeTarget "El5Pino" */;
			buildPhases = (
				4130F0991AA4DB510080DA22 /* Sources */,
				4130F09A1AA4DB510080DA22 /* Frameworks */,
				4130F09B1AA4DB510080DA22 /* Resources */,
			);
			buildRules = (
			);
			dependencies = (
			);
			name = El5Pino;
			productName = El5Pino;
			productReference = 4130F09D1AA4DB510080DA22 /* El5Pino.app */;
			productType = "com.apple.product-type.application";
		};
		4130F0B11AA4DB510080DA22 /* El5PinoTests */ = {
			isa = PBXNativeTarget;
			buildConfigurationList = 4130F0BF1AA4DB510080DA22 /* Build configuration list for PBXNativeTarget "El5PinoTests" */;
			buildPhases = (
				4130F0AE1AA4DB510080DA22 /* Sources */,
				4130F0AF1AA4DB510080DA22 /* Frameworks */,
				4130F0B01AA4DB510080DA22 /* Resources */,
			);
			buildRules = (
			);
			dependencies = (
				4130F0B41AA4DB510080DA22 /* PBXTargetDependency */,
			);
			name = El5PinoTests;
			productName = El5PinoTests;
			productReference = 4130F0B21AA4DB510080DA22 /* El5PinoTests.xctest */;
			productType = "com.apple.product-type.bundle.unit-test";
		};
/* End PBXNativeTarget section */

/* Begin PBXProject section */
		4130F0951AA4DB510080DA22 /* Project object */ = {
			isa = PBXProject;
			attributes = {
				LastUpgradeCheck = 0610;
				ORGANIZATIONNAME = "___TAULE___";
				TargetAttributes = {
					4130F09C1AA4DB510080DA22 = {
						CreatedOnToolsVersion = 6.1.1;
					};
					4130F0B11AA4DB510080DA22 = {
						CreatedOnToolsVersion = 6.1.1;
						TestTargetID = 4130F09C1AA4DB510080DA22;
					};
				};
			};
			buildConfigurationList = 4130F0981AA4DB510080DA22 /* Build configuration list for PBXProject "El5Pino" */;
			compatibilityVersion = "Xcode 3.2";
			developmentRegion = English;
			hasScannedForEncodings = 0;
			knownRegions = (
				en,
				Base,
			);
			mainGroup = 4130F0941AA4DB510080DA22;
			productRefGroup = 4130F09E1AA4DB510080DA22 /* Products */;
			projectDirPath = "";
			projectRoot = "";
			targets = (
				4130F09C1AA4DB510080DA22 /* El5Pino */,
				4130F0B11AA4DB510080DA22 /* El5PinoTests */,
			);
		};
/* End PBXProject section */

/* Begin PBXResourcesBuildPhase section */
		4130F09B1AA4DB510080DA22 /* Resources */ = {
			isa = PBXResourcesBuildPhase;
			buildActionMask = 2147483647;
			files = (
				41F729ED1AA7A80B00855D8B /* bonsai.png in Resources */,
				4130F0C31AA4DFC40080DA22 /* Main.storyboard in Resources */,
				4130F0AD1AA4DB510080DA22 /* LaunchScreen.xib in Resources */,
				415C396E1AA61796005DBFD1 /* camera.png in Resources */,
				4130F0AA1AA4DB510080DA22 /* Images.xcassets in Resources */,
			);
			runOnlyForDeploymentPostprocessing = 0;
		};
		4130F0B01AA4DB510080DA22 /* Resources */ = {
			isa = PBXResourcesBuildPhase;
			buildActionMask = 2147483647;
			files = (
			);
			runOnlyForDeploymentPostprocessing = 0;
		};
/* End PBXResourcesBuildPhase section */

/* Begin PBXSourcesBuildPhase section */
		4130F0991AA4DB510080DA22 /* Sources */ = {
			isa = PBXSourcesBuildPhase;
			buildActionMask = 2147483647;
			files = (
				41F729F61AA7B6E900855D8B /* ViewController.swift in Sources */,
				41F5FF1A1AB20FBC007EAFAF /* VCMyCustomCell.swift in Sources */,
				41F729EA1AA7799E00855D8B /* CConstants.swift in Sources */,
				4130F0A31AA4DB510080DA22 /* AppDelegate.swift in Sources */,
				41A567221ABB1E320068D173 /* VCViewPhoto.swift in Sources */,
				41F5FF181AB1F8C0007EAFAF /* VCLogs.swift in Sources */,
				41A567241ABB1FE60068D173 /* VCAlbum.swift in Sources */,
				41F729F41AA7B6E900855D8B /* VCaddBonsai.swift in Sources */,
				415C39701AA6416F005DBFD1 /* CBonsai.swift in Sources */,
				41F729F51AA7B6E900855D8B /* VCWebService.swift in Sources */,
			);
			runOnlyForDeploymentPostprocessing = 0;
		};
		4130F0AE1AA4DB510080DA22 /* Sources */ = {
			isa = PBXSourcesBuildPhase;
			buildActionMask = 2147483647;
			files = (
				4130F0B91AA4DB510080DA22 /* El5PinoTests.swift in Sources */,
			);
			runOnlyForDeploymentPostprocessing = 0;
		};
/* End PBXSourcesBuildPhase section */

/* Begin PBXTargetDependency section */
		4130F0B41AA4DB510080DA22 /* PBXTargetDependency */ = {
			isa = PBXTargetDependency;
			target = 4130F09C1AA4DB510080DA22 /* El5Pino */;
			targetProxy = 4130F0B31AA4DB510080DA22 /* PBXContainerItemProxy */;
		};
/* End PBXTargetDependency section */

/* Begin PBXVariantGroup section */
		4130F0AB1AA4DB510080DA22 /* LaunchScreen.xib */ = {
			isa = PBXVariantGroup;
			children = (
				4130F0AC1AA4DB510080DA22 /* Base */,
			);
			name = LaunchScreen.xib;
			sourceTree = "<group>";
		};
/* End PBXVariantGroup section */

/* Begin XCBuildConfiguration section */
		4130F0BA1AA4DB510080DA22 /* Debug */ = {
			isa = XCBuildConfiguration;
			buildSettings = {
				ALWAYS_SEARCH_USER_PATHS = NO;
				CLANG_CXX_LANGUAGE_STANDARD = "gnu++0x";
				CLANG_CXX_LIBRARY = "libc++";
				CLANG_ENABLE_MODULES = YES;
				CLANG_ENABLE_OBJC_ARC = YES;
				CLANG_WARN_BOOL_CONVERSION = YES;
				CLANG_WARN_CONSTANT_CONVERSION = YES;
				CLANG_WARN_DIRECT_OBJC_ISA_USAGE = YES_ERROR;
				CLANG_WARN_EMPTY_BODY = YES;
				CLANG_WARN_ENUM_CONVERSION = YES;
				CLANG_WARN_INT_CONVERSION = YES;
				CLANG_WARN_OBJC_ROOT_CLASS = YES_ERROR;
				CLANG_WARN_UNREACHABLE_CODE = YES;
				CLANG_WARN__DUPLICATE_METHOD_MATCH = YES;
				"CODE_SIGN_IDENTITY[sdk=iphoneos*]" = "iPhone Developer";
				COPY_PHASE_STRIP = NO;
				ENABLE_STRICT_OBJC_MSGSEND = YES;
				GCC_C_LANGUAGE_STANDARD = gnu99;
				GCC_DYNAMIC_NO_PIC = NO;
				GCC_OPTIMIZATION_LEVEL = 0;
				GCC_PREPROCESSOR_DEFINITIONS = (
					"DEBUG=1",
					"$(inherited)",
				);
				GCC_SYMBOLS_PRIVATE_EXTERN = NO;
				GCC_WARN_64_TO_32_BIT_CONVERSION = YES;
				GCC_WARN_ABOUT_RETURN_TYPE = YES_ERROR;
				GCC_WARN_UNDECLARED_SELECTOR = YES;
				GCC_WARN_UNINITIALIZED_AUTOS = YES_AGGRESSIVE;
				GCC_WARN_UNUSED_FUNCTION = YES;
				GCC_WARN_UNUSED_VARIABLE = YES;
				IPHONEOS_DEPLOYMENT_TARGET = 8.1;
				MTL_ENABLE_DEBUG_INFO = YES;
				ONLY_ACTIVE_ARCH = YES;
				SDKROOT = iphoneos;
				SWIFT_OPTIMIZATION_LEVEL = "-Onone";
			};
			name = Debug;
		};
		4130F0BB1AA4DB510080DA22 /* Release */ = {
			isa = XCBuildConfiguration;
			buildSettings = {
				ALWAYS_SEARCH_USER_PATHS = NO;
				CLANG_CXX_LANGUAGE_STANDARD = "gnu++0x";
				CLANG_CXX_LIBRARY = "libc++";
				CLANG_ENABLE_MODULES = YES;
				CLANG_ENABLE_OBJC_ARC = YES;
				CLANG_WARN_BOOL_CONVERSION = YES;
				CLANG_WARN_CONSTANT_CONVERSION = YES;
				CLANG_WARN_DIRECT_OBJC_ISA_USAGE = YES_ERROR;
				CLANG_WARN_EMPTY_BODY = YES;
				CLANG_WARN_ENUM_CONVERSION = YES;
				CLANG_WARN_INT_CONVERSION = YES;
				CLANG_WARN_OBJC_ROOT_CLASS = YES_ERROR;
				CLANG_WARN_UNREACHABLE_CODE = YES;
				CLANG_WARN__DUPLICATE_METHOD_MATCH = YES;
				"CODE_SIGN_IDENTITY[sdk=iphoneos*]" = "iPhone Developer";
				COPY_PHASE_STRIP = YES;
				ENABLE_NS_ASSERTIONS = NO;
				ENABLE_STRICT_OBJC_MSGSEND = YES;
				GCC_C_LANGUAGE_STANDARD = gnu99;
				GCC_WARN_64_TO_32_BIT_CONVERSION = YES;
				GCC_WARN_ABOUT_RETURN_TYPE = YES_ERROR;
				GCC_WARN_UNDECLARED_SELECTOR = YES;
				GCC_WARN_UNINITIALIZED_AUTOS = YES_AGGRESSIVE;
				GCC_WARN_UNUSED_FUNCTION = YES;
				GCC_WARN_UNUSED_VARIABLE = YES;
				IPHONEOS_DEPLOYMENT_TARGET = 8.1;
				MTL_ENABLE_DEBUG_INFO = NO;
				SDKROOT = iphoneos;
				VALIDATE_PRODUCT = YES;
			};
			name = Release;
		};
		4130F0BD1AA4DB510080DA22 /* Debug */ = {
			isa = XCBuildConfiguration;
			buildSettings = {
				ASSETCATALOG_COMPILER_APPICON_NAME = AppIcon;
				INFOPLIST_FILE = El5Pino/Info.plist;
				LD_RUNPATH_SEARCH_PATHS = "$(inherited) @executable_path/Frameworks";
				PRODUCT_NAME = "$(TARGET_NAME)";
			};
			name = Debug;
		};
		4130F0BE1AA4DB510080DA22 /* Release */ = {
			isa = XCBuildConfiguration;
			buildSettings = {
				ASSETCATALOG_COMPILER_APPICON_NAME = AppIcon;
				INFOPLIST_FILE = El5Pino/Info.plist;
				LD_RUNPATH_SEARCH_PATHS = "$(inherited) @executable_path/Frameworks";
				PRODUCT_NAME = "$(TARGET_NAME)";
			};
			name = Release;
		};
		4130F0C01AA4DB510080DA22 /* Debug */ = {
			isa = XCBuildConfiguration;
			buildSettings = {
				BUNDLE_LOADER = "$(TEST_HOST)";
				FRAMEWORK_SEARCH_PATHS = (
					"$(SDKROOT)/Developer/Library/Frameworks",
					"$(inherited)",
				);
				GCC_PREPROCESSOR_DEFINITIONS = (
					"DEBUG=1",
					"$(inherited)",
				);
				INFOPLIST_FILE = El5PinoTests/Info.plist;
				LD_RUNPATH_SEARCH_PATHS = "$(inherited) @executable_path/Frameworks @loader_path/Frameworks";
				PRODUCT_NAME = "$(TARGET_NAME)";
				TEST_HOST = "$(BUILT_PRODUCTS_DIR)/El5Pino.app/El5Pino";
			};
			name = Debug;
		};
		4130F0C11AA4DB510080DA22 /* Release */ = {
			isa = XCBuildConfiguration;
			buildSettings = {
				BUNDLE_LOADER = "$(TEST_HOST)";
				FRAMEWORK_SEARCH_PATHS = (
					"$(SDKROOT)/Developer/Library/Frameworks",
					"$(inherited)",
				);
				INFOPLIST_FILE = El5PinoTests/Info.plist;
				LD_RUNPATH_SEARCH_PATHS = "$(inherited) @executable_path/Frameworks @loader_path/Frameworks";
				PRODUCT_NAME = "$(TARGET_NAME)";
				TEST_HOST = "$(BUILT_PRODUCTS_DIR)/El5Pino.app/El5Pino";
			};
			name = Release;
		};
/* End XCBuildConfiguration section */

/* Begin XCConfigurationList section */
		4130F0981AA4DB510080DA22 /* Build configuration list for PBXProject "El5Pino" */ = {
			isa = XCConfigurationList;
			buildConfigurations = (
				4130F0BA1AA4DB510080DA22 /* Debug */,
				4130F0BB1AA4DB510080DA22 /* Release */,
			);
			defaultConfigurationIsVisible = 0;
			defaultConfigurationName = Release;
		};
		4130F0BC1AA4DB510080DA22 /* Build configuration list for PBXNativeTarget "El5Pino" */ = {
			isa = XCConfigurationList;
			buildConfigurations = (
				4130F0BD1AA4DB510080DA22 /* Debug */,
				4130F0BE1AA4DB510080DA22 /* Release */,
			);
			defaultConfigurationIsVisible = 0;
			defaultConfigurationName = Release;
		};
		4130F0BF1AA4DB510080DA22 /* Build configuration list for PBXNativeTarget "El5PinoTests" */ = {
			isa = XCConfigurationList;
			buildConfigurations = (
				4130F0C01AA4DB510080DA22 /* Debug */,
				4130F0C11AA4DB510080DA22 /* Release */,
			);
			defaultConfigurationIsVisible = 0;
			defaultConfigurationName = Release;
		};
/* End XCConfigurationList section */
	};
	rootObject = 4130F0951AA4DB510080DA22 /* Project object */;
}
